
Microsoft Visual Studio Solution File, Format Version 12.00
# Visual Studio 2013
VisualStudioVersion = 12.0.21005.1
MinimumVisualStudioVersion = 10.0.40219.1
Project("{8BC9CEB8-8B4A-11D0-8D11-00A0C91BC942}") = "Lab03", "Lab03\Lab03.vcxproj", "{F778039F-C757-4CCA-9986-941AACC4A0E7}"
EndProject
Global
	GlobalSection(SolutionConfigurationPlatforms) = preSolution
		Debug|Win32 = Debug|Win32
		Release|Win32 = Release|Win32
	EndGlobalSection
	GlobalSection(ProjectConfigurationPlatforms) = postSolution
		{F778039F-C757-4CCA-9986-941AACC4A0E7}.Debug|Win32.ActiveCfg = Debug|Win32
		{F778039F-C757-4CCA-9986-941AACC4A0E7}.Debug|Win32.Build.0 = Debug|Win32
		{F778039F-C757-4CCA-9986-941AACC4A0E7}.Release|Win32.ActiveCfg = Release|Win32
		{F778039F-C757-4CCA-9986-941AACC4A0E7}.Release|Win32.Build.0 = Release|Win32
	EndGlobalSection
	GlobalSection(SolutionProperties) = preSolution
		HideSolutionNode = FALSE
	EndGlobalSection
EndGlobal
